
Microsoft Visual Studio Solution File, Format Version 12.00
# Visual Studio Version 16
VisualStudioVersion = 16.0.32428.217
MinimumVisualStudioVersion = 10.0.40219.1
Project("{FAE04EC0-301F-11D3-BF4B-00C04F79EFBC}") = "YemekTarifleri", "YemekTarifleri\YemekTarifleri.csproj", "{4BAD34B7-7DCF-4669-98A5-E647F77F5191}"
EndProject
Global
	GlobalSection(SolutionConfigurationPlatforms) = preSolution
		Debug|Any CPU = Debug|Any CPU
		Release|Any CPU = Release|Any CPU
	EndGlobalSection
	GlobalSection(ProjectConfigurationPlatforms) = postSolution
		{4BAD34B7-7DCF-4669-98A5-E647F77F5191}.Debug|Any CPU.ActiveCfg = Debug|Any CPU
		{4BAD34B7-7DCF-4669-98A5-E647F77F5191}.Debug|Any CPU.Build.0 = Debug|Any CPU
		{4BAD34B7-7DCF-4669-98A5-E647F77F5191}.Release|Any CPU.ActiveCfg = Release|Any CPU
		{4BAD34B7-7DCF-4669-98A5-E647F77F5191}.Release|Any CPU.Build.0 = Release|Any CPU
	EndGlobalSection
	GlobalSection(SolutionProperties) = preSolution
		HideSolutionNode = FALSE
	EndGlobalSection
	GlobalSection(ExtensibilityGlobals) = postSolution
		SolutionGuid = {63A4D5C0-1549-477E-A8D7-D73CA5B7E8ED}
	EndGlobalSection
EndGlobal
